<?xml version="1.0" encoding="utf-8"?>
<Project ToolsVersion="4.0" xmlns="http://schemas.microsoft.com/developer/msbuild/2003">
  <ItemGroup>
    <Filter Include="Source Files">
      <UniqueIdentifier>{4FC737F1-C7A5-4376-A066-2A32D752A2FF}</UniqueIdentifier>
      <Extensions>cpp;c;cc;cxx;c++;cppm;ixx;def;odl;idl;hpj;bat;asm;asmx</Extensions>
    </Filter>
    <Filter Include="Misc">
      <UniqueIdentifier>{94dc3898-2e7a-48a3-aa6f-aa3d414b89af}</UniqueIdentifier>
    </Filter>
    <Filter Include="GameComponents">
      <UniqueIdentifier>{4e0275d9-018b-4cbc-8ebf-b41c9a64900e}</UniqueIdentifier>
    </Filter>
    <Filter Include="Screens">
      <UniqueIdentifier>{df704e24-55c4-4513-b514-f3266a240197}</UniqueIdentifier>
    </Filter>
  </ItemGroup>
  <ItemGroup>
    <ClInclude Include="PeterPepperComponent.h">
      <Filter>GameComponents</Filter>
    </ClInclude>
    <ClInclude Include="PeterPepper.h">
      <Filter>Source Files</Filter>
    </ClInclude>
    <ClInclude Include="Game.h">
      <Filter>Misc</Filter>
    </ClInclude>
    <ClInclude Include="Ladder.h">
      <Filter>Source Files</Filter>
    </ClInclude>
    <ClInclude Include="Platform.h">
      <Filter>Source Files</Filter>
    </ClInclude>
    <ClInclude Include="BottomBun.h">
      <Filter>Source Files</Filter>
    </ClInclude>
    <ClInclude Include="IngredientComponent.h">
      <Filter>GameComponents</Filter>
    </ClInclude>
    <ClInclude Include="TopBun.h">
      <Filter>Source Files</Filter>
    </ClInclude>
    <ClInclude Include="Lettuce.h">
      <Filter>Source Files</Filter>
    </ClInclude>
    <ClInclude Include="Cheese.h">
      <Filter>Source Files</Filter>
    </ClInclude>
    <ClInclude Include="Patty.h">
      <Filter>Source Files</Filter>
    </ClInclude>
    <ClInclude Include="PlatformComponent.h">
      <Filter>GameComponents</Filter>
    </ClInclude>
    <ClInclude Include="Tomato.h">
      <Filter>Source Files</Filter>
    </ClInclude>
    <ClInclude Include="Plate.h">
      <Filter>Source Files</Filter>
    </ClInclude>
    <ClInclude Include="EnemyComponent.h">
      <Filter>GameComponents</Filter>
    </ClInclude>
    <ClInclude Include="LevelLoader.h">
      <Filter>Misc</Filter>
    </ClInclude>
    <ClInclude Include="MrEgg.h">
      <Filter>Source Files</Filter>
    </ClInclude>
    <ClInclude Include="LadderComponent.h">
      <Filter>GameComponents</Filter>
    </ClInclude>
    <ClInclude Include="GameInstance.h">
      <Filter>Misc</Filter>
    </ClInclude>
    <ClInclude Include="NextScreen.h">
      <Filter>Screens</Filter>
    </ClInclude>
    <ClInclude Include="TransitionComponent.h">
      <Filter>GameComponents</Filter>
    </ClInclude>
    <ClInclude Include="LifeLostScreen.h">
      <Filter>Screens</Filter>
    </ClInclude>
    <ClInclude Include="DeathScreen.h">
      <Filter>Screens</Filter>
    </ClInclude>
    <ClInclude Include="MenuScreen.h">
      <Filter>Screens</Filter>
    </ClInclude>
    <ClInclude Include="MenuComponent.h">
      <Filter>GameComponents</Filter>
    </ClInclude>
    <ClInclude Include="EnemySpawnComponent.h">
      <Filter>GameComponents</Filter>
    </ClInclude>
    <ClInclude Include="MrPickle.h">
      <Filter>Source Files</Filter>
    </ClInclude>
    <ClInclude Include="MrHotDog.h">
      <Filter>Source Files</Filter>
    </ClInclude>
    <ClInclude Include="EnemySpawner.h">
      <Filter>Misc</Filter>
    </ClInclude>
    <ClInclude Include="PepperComponent.h">
      <Filter>GameComponents</Filter>
    </ClInclude>
    <ClInclude Include="PlayerHotDogComponent.h">
      <Filter>GameComponents</Filter>
    </ClInclude>
    <ClInclude Include="PlayerHotDog.h">
      <Filter>Source Files</Filter>
    </ClInclude>
    <ClInclude Include="PepperDisplayComponent.h">
      <Filter>GameComponents</Filter>
    </ClInclude>
    <ClInclude Include="PeterPepperJr.h">
      <Filter>Source Files</Filter>
    </ClInclude>
  </ItemGroup>
  <ItemGroup>
    <ClCompile Include="PeterPepperComponent.cpp">
      <Filter>GameComponents</Filter>
    </ClCompile>
    <ClCompile Include="PeterPepper.cpp">
      <Filter>Source Files</Filter>
    </ClCompile>
    <ClCompile Include="Game.cpp">
      <Filter>Misc</Filter>
    </ClCompile>
    <ClCompile Include="Main.cpp">
      <Filter>Misc</Filter>
    </ClCompile>
    <ClCompile Include="Ladder.cpp">
      <Filter>Source Files</Filter>
    </ClCompile>
    <ClCompile Include="Platform.cpp">
      <Filter>Source Files</Filter>
    </ClCompile>
    <ClCompile Include="BottomBun.cpp">
      <Filter>Source Files</Filter>
    </ClCompile>
    <ClCompile Include="IngredientComponent.cpp">
      <Filter>GameComponents</Filter>
    </ClCompile>
    <ClCompile Include="TopBun.cpp">
      <Filter>Source Files</Filter>
    </ClCompile>
    <ClCompile Include="Cheese.cpp">
      <Filter>Source Files</Filter>
    </ClCompile>
    <ClCompile Include="Lettuce.cpp">
      <Filter>Source Files</Filter>
    </ClCompile>
    <ClCompile Include="Patty.cpp">
      <Filter>Source Files</Filter>
    </ClCompile>
    <ClCompile Include="PlatformComponent.cpp">
      <Filter>GameComponents</Filter>
    </ClCompile>
    <ClCompile Include="Plate.cpp">
      <Filter>Source Files</Filter>
    </ClCompile>
    <ClCompile Include="Tomato.cpp">
      <Filter>Source Files</Filter>
    </ClCompile>
    <ClCompile Include="EnemyComponent.cpp">
      <Filter>GameComponents</Filter>
    </ClCompile>
    <ClCompile Include="LevelLoader.cpp">
      <Filter>Misc</Filter>
    </ClCompile>
    <ClCompile Include="MrEgg.cpp">
      <Filter>Source Files</Filter>
    </ClCompile>
    <ClCompile Include="LadderComponent.cpp">
      <Filter>GameComponents</Filter>
    </ClCompile>
    <ClCompile Include="GameInstance.cpp">
      <Filter>Misc</Filter>
    </ClCompile>
    <ClCompile Include="NextScreen.cpp">
      <Filter>Screens</Filter>
    </ClCompile>
    <ClCompile Include="TransitionComponent.cpp">
      <Filter>GameComponents</Filter>
    </ClCompile>
    <ClCompile Include="LifeLostScreen.cpp">
      <Filter>Screens</Filter>
    </ClCompile>
    <ClCompile Include="MenuScreen.cpp">
      <Filter>Screens</Filter>
    </ClCompile>
    <ClCompile Include="DeathScreen.cpp">
      <Filter>Screens</Filter>
    </ClCompile>
    <ClCompile Include="MenuComponent.cpp">
      <Filter>GameComponents</Filter>
    </ClCompile>
    <ClCompile Include="MrPickle.cpp">
      <Filter>Source Files</Filter>
    </ClCompile>
    <ClCompile Include="EnemySpawnComponent.cpp">
      <Filter>GameComponents</Filter>
    </ClCompile>
    <ClCompile Include="MrHotDog.cpp">
      <Filter>Source Files</Filter>
    </ClCompile>
    <ClCompile Include="EnemySpawner.cpp">
      <Filter>Misc</Filter>
    </ClCompile>
    <ClCompile Include="PepperComponent.cpp">
      <Filter>GameComponents</Filter>
    </ClCompile>
    <ClCompile Include="PlayerHotDogComponent.cpp">
      <Filter>GameComponents</Filter>
    </ClCompile>
    <ClCompile Include="PlayerHotDog.cpp">
      <Filter>Source Files</Filter>
    </ClCompile>
    <ClCompile Include="PepperDisplayComponent.cpp">
      <Filter>GameComponents</Filter>
    </ClCompile>
    <ClCompile Include="PeterPepperJr.cpp">
      <Filter>Source Files</Filter>
    </ClCompile>
  </ItemGroup>
</Project>